// !$*UTF8*$!
{
	archiveVersion = 1;
	classes = {
	};
	objectVersion = 55;
	objects = {

/* Begin PBXBuildFile section */
		2BFC4D57CD84E633E643EB31 /* Pods_imgeye.framework in Frameworks */ = {isa = PBXBuildFile; fileRef = 6C725982C24E7F340C92494F /* Pods_imgeye.framework */; };
		84D73D98282D56300070950B /* AppDelegate.swift in Sources */ = {isa = PBXBuildFile; fileRef = 84D73D97282D56300070950B /* AppDelegate.swift */; };
		84D73D9A282D56300070950B /* SceneDelegate.swift in Sources */ = {isa = PBXBuildFile; fileRef = 84D73D99282D56300070950B /* SceneDelegate.swift */; };
		84D73D9C282D56300070950B /* FeedViewController.swift in Sources */ = {isa = PBXBuildFile; fileRef = 84D73D9B282D56300070950B /* FeedViewController.swift */; };
		84D73D9F282D56300070950B /* Main.storyboard in Resources */ = {isa = PBXBuildFile; fileRef = 84D73D9D282D56300070950B /* Main.storyboard */; };
		84D73DA1282D56310070950B /* Assets.xcassets in Resources */ = {isa = PBXBuildFile; fileRef = 84D73DA0282D56310070950B /* Assets.xcassets */; };
		84D73DA4282D56310070950B /* LaunchScreen.storyboard in Resources */ = {isa = PBXBuildFile; fileRef = 84D73DA2282D56310070950B /* LaunchScreen.storyboard */; };
		84D73DAC282D62C00070950B /* Constants.swift in Sources */ = {isa = PBXBuildFile; fileRef = 84D73DAB282D62C00070950B /* Constants.swift */; };
		84D73DAE282D64890070950B /* PhotoManager.swift in Sources */ = {isa = PBXBuildFile; fileRef = 84D73DAD282D64890070950B /* PhotoManager.swift */; };
		84D73DB3282D64A40070950B /* PhotoData.swift in Sources */ = {isa = PBXBuildFile; fileRef = 84D73DB2282D64A40070950B /* PhotoData.swift */; };
		84D73DB5282D64AC0070950B /* PhotoModel.swift in Sources */ = {isa = PBXBuildFile; fileRef = 84D73DB4282D64AC0070950B /* PhotoModel.swift */; };
		84D73DB7282D6B3C0070950B /* ErrorData.swift in Sources */ = {isa = PBXBuildFile; fileRef = 84D73DB6282D6B3C0070950B /* ErrorData.swift */; };
		84D73DBB282D6B560070950B /* ErrorManager.swift in Sources */ = {isa = PBXBuildFile; fileRef = 84D73DBA282D6B560070950B /* ErrorManager.swift */; };
		84D73DC1282D73D70070950B /* PhotoTableViewCell.swift in Sources */ = {isa = PBXBuildFile; fileRef = 84D73DBF282D73D70070950B /* PhotoTableViewCell.swift */; };
		84D73DC2282D73D70070950B /* PhotoTableViewCell.xib in Resources */ = {isa = PBXBuildFile; fileRef = 84D73DC0282D73D70070950B /* PhotoTableViewCell.xib */; };
		84E89D512830F1BB00483368 /* FavoriteViewController.swift in Sources */ = {isa = PBXBuildFile; fileRef = 84E89D502830F1BB00483368 /* FavoriteViewController.swift */; };
		84E89D532830F41900483368 /* swiftgen.yml in Resources */ = {isa = PBXBuildFile; fileRef = 84E89D522830F41900483368 /* swiftgen.yml */; };
		84E89D5F2830FBC400483368 /* BounceButton.swift in Sources */ = {isa = PBXBuildFile; fileRef = 84E89D5E2830FBC400483368 /* BounceButton.swift */; };
		84E89D762830FF7C00483368 /* XCAssets+Generated.swift in Sources */ = {isa = PBXBuildFile; fileRef = 84E89D732830FF7B00483368 /* XCAssets+Generated.swift */; };
		84E89D772830FF7C00483368 /* IB-Scenes+Generated.swift in Sources */ = {isa = PBXBuildFile; fileRef = 84E89D742830FF7B00483368 /* IB-Scenes+Generated.swift */; };
		84E89D782830FF7C00483368 /* IB-Segues+Generated.swift in Sources */ = {isa = PBXBuildFile; fileRef = 84E89D752830FF7C00483368 /* IB-Segues+Generated.swift */; };
		84E89D7B2831048000483368 /* PersistentDataModel.xcdatamodeld in Sources */ = {isa = PBXBuildFile; fileRef = 84E89D792831048000483368 /* PersistentDataModel.xcdatamodeld */; };
		84E89D7D28312F6C00483368 /* DataManager.swift in Sources */ = {isa = PBXBuildFile; fileRef = 84E89D7C28312F6C00483368 /* DataManager.swift */; };
		84E89D7F28314D6500483368 /* PhotoTableViewCellDelegate.swift in Sources */ = {isa = PBXBuildFile; fileRef = 84E89D7E28314D6500483368 /* PhotoTableViewCellDelegate.swift */; };
		84E89D82283156AA00483368 /* FavoritesTableViewCell.swift in Sources */ = {isa = PBXBuildFile; fileRef = 84E89D80283156AA00483368 /* FavoritesTableViewCell.swift */; };
		84E89D83283156AA00483368 /* FavoritesTableViewCell.xib in Resources */ = {isa = PBXBuildFile; fileRef = 84E89D81283156AA00483368 /* FavoritesTableViewCell.xib */; };
/* End PBXBuildFile section */

/* Begin PBXFileReference section */
		6C725982C24E7F340C92494F /* Pods_imgeye.framework */ = {isa = PBXFileReference; explicitFileType = wrapper.framework; includeInIndex = 0; path = Pods_imgeye.framework; sourceTree = BUILT_PRODUCTS_DIR; };
		6D75FF380AB33F507BA22987 /* Pods-imgeye.release.xcconfig */ = {isa = PBXFileReference; includeInIndex = 1; lastKnownFileType = text.xcconfig; name = "Pods-imgeye.release.xcconfig"; path = "Target Support Files/Pods-imgeye/Pods-imgeye.release.xcconfig"; sourceTree = "<group>"; };
		84D73D94282D56300070950B /* imgeye.app */ = {isa = PBXFileReference; explicitFileType = wrapper.application; includeInIndex = 0; path = imgeye.app; sourceTree = BUILT_PRODUCTS_DIR; };
		84D73D97282D56300070950B /* AppDelegate.swift */ = {isa = PBXFileReference; lastKnownFileType = sourcecode.swift; path = AppDelegate.swift; sourceTree = "<group>"; };
		84D73D99282D56300070950B /* SceneDelegate.swift */ = {isa = PBXFileReference; lastKnownFileType = sourcecode.swift; path = SceneDelegate.swift; sourceTree = "<group>"; };
		84D73D9B282D56300070950B /* FeedViewController.swift */ = {isa = PBXFileReference; lastKnownFileType = sourcecode.swift; path = FeedViewController.swift; sourceTree = "<group>"; };
		84D73D9E282D56300070950B /* Base */ = {isa = PBXFileReference; lastKnownFileType = file.storyboard; name = Base; path = Base.lproj/Main.storyboard; sourceTree = "<group>"; };
		84D73DA0282D56310070950B /* Assets.xcassets */ = {isa = PBXFileReference; lastKnownFileType = folder.assetcatalog; path = Assets.xcassets; sourceTree = "<group>"; };
		84D73DA3282D56310070950B /* Base */ = {isa = PBXFileReference; lastKnownFileType = file.storyboard; name = Base; path = Base.lproj/LaunchScreen.storyboard; sourceTree = "<group>"; };
		84D73DA5282D56310070950B /* Info.plist */ = {isa = PBXFileReference; lastKnownFileType = text.plist.xml; path = Info.plist; sourceTree = "<group>"; };
		84D73DAB282D62C00070950B /* Constants.swift */ = {isa = PBXFileReference; lastKnownFileType = sourcecode.swift; path = Constants.swift; sourceTree = "<group>"; };
		84D73DAD282D64890070950B /* PhotoManager.swift */ = {isa = PBXFileReference; lastKnownFileType = sourcecode.swift; path = PhotoManager.swift; sourceTree = "<group>"; };
		84D73DB2282D64A40070950B /* PhotoData.swift */ = {isa = PBXFileReference; lastKnownFileType = sourcecode.swift; path = PhotoData.swift; sourceTree = "<group>"; };
		84D73DB4282D64AC0070950B /* PhotoModel.swift */ = {isa = PBXFileReference; lastKnownFileType = sourcecode.swift; path = PhotoModel.swift; sourceTree = "<group>"; };
		84D73DB6282D6B3C0070950B /* ErrorData.swift */ = {isa = PBXFileReference; lastKnownFileType = sourcecode.swift; path = ErrorData.swift; sourceTree = "<group>"; };
		84D73DBA282D6B560070950B /* ErrorManager.swift */ = {isa = PBXFileReference; lastKnownFileType = sourcecode.swift; path = ErrorManager.swift; sourceTree = "<group>"; };
		84D73DBF282D73D70070950B /* PhotoTableViewCell.swift */ = {isa = PBXFileReference; lastKnownFileType = sourcecode.swift; path = PhotoTableViewCell.swift; sourceTree = "<group>"; };
		84D73DC0282D73D70070950B /* PhotoTableViewCell.xib */ = {isa = PBXFileReference; lastKnownFileType = file.xib; path = PhotoTableViewCell.xib; sourceTree = "<group>"; };
		84E89D502830F1BB00483368 /* FavoriteViewController.swift */ = {isa = PBXFileReference; lastKnownFileType = sourcecode.swift; path = FavoriteViewController.swift; sourceTree = "<group>"; };
		84E89D522830F41900483368 /* swiftgen.yml */ = {isa = PBXFileReference; fileEncoding = 4; lastKnownFileType = text.yaml; path = swiftgen.yml; sourceTree = SOURCE_ROOT; };
		84E89D5E2830FBC400483368 /* BounceButton.swift */ = {isa = PBXFileReference; lastKnownFileType = sourcecode.swift; path = BounceButton.swift; sourceTree = "<group>"; };
		84E89D732830FF7B00483368 /* XCAssets+Generated.swift */ = {isa = PBXFileReference; fileEncoding = 4; lastKnownFileType = sourcecode.swift; path = "XCAssets+Generated.swift"; sourceTree = "<group>"; };
		84E89D742830FF7B00483368 /* IB-Scenes+Generated.swift */ = {isa = PBXFileReference; fileEncoding = 4; lastKnownFileType = sourcecode.swift; path = "IB-Scenes+Generated.swift"; sourceTree = "<group>"; };
		84E89D752830FF7C00483368 /* IB-Segues+Generated.swift */ = {isa = PBXFileReference; fileEncoding = 4; lastKnownFileType = sourcecode.swift; path = "IB-Segues+Generated.swift"; sourceTree = "<group>"; };
		84E89D7A2831048000483368 /* PersistentDataModel.xcdatamodel */ = {isa = PBXFileReference; lastKnownFileType = wrapper.xcdatamodel; path = PersistentDataModel.xcdatamodel; sourceTree = "<group>"; };
		84E89D7C28312F6C00483368 /* DataManager.swift */ = {isa = PBXFileReference; lastKnownFileType = sourcecode.swift; path = DataManager.swift; sourceTree = "<group>"; };
		84E89D7E28314D6500483368 /* PhotoTableViewCellDelegate.swift */ = {isa = PBXFileReference; lastKnownFileType = sourcecode.swift; path = PhotoTableViewCellDelegate.swift; sourceTree = "<group>"; };
		84E89D80283156AA00483368 /* FavoritesTableViewCell.swift */ = {isa = PBXFileReference; lastKnownFileType = sourcecode.swift; path = FavoritesTableViewCell.swift; sourceTree = "<group>"; };
		84E89D81283156AA00483368 /* FavoritesTableViewCell.xib */ = {isa = PBXFileReference; lastKnownFileType = file.xib; path = FavoritesTableViewCell.xib; sourceTree = "<group>"; };
		C64CD8A2C8E7AB7222904669 /* Pods-imgeye.debug.xcconfig */ = {isa = PBXFileReference; includeInIndex = 1; lastKnownFileType = text.xcconfig; name = "Pods-imgeye.debug.xcconfig"; path = "Target Support Files/Pods-imgeye/Pods-imgeye.debug.xcconfig"; sourceTree = "<group>"; };
/* End PBXFileReference section */

/* Begin PBXFrameworksBuildPhase section */
		84D73D91282D56300070950B /* Frameworks */ = {
			isa = PBXFrameworksBuildPhase;
			buildActionMask = 2147483647;
			files = (
				2BFC4D57CD84E633E643EB31 /* Pods_imgeye.framework in Frameworks */,
			);
			runOnlyForDeploymentPostprocessing = 0;
		};
/* End PBXFrameworksBuildPhase section */

/* Begin PBXGroup section */
		692F154F175DBB33FCA151FD /* Pods */ = {
			isa = PBXGroup;
			children = (
				C64CD8A2C8E7AB7222904669 /* Pods-imgeye.debug.xcconfig */,
				6D75FF380AB33F507BA22987 /* Pods-imgeye.release.xcconfig */,
			);
			path = Pods;
			sourceTree = "<group>";
		};
		84D73D8B282D56300070950B = {
			isa = PBXGroup;
			children = (
				84D73D96282D56300070950B /* imgeye */,
				84D73D95282D56300070950B /* Products */,
				692F154F175DBB33FCA151FD /* Pods */,
				FB65C9963D7580369CF812CE /* Frameworks */,
			);
			sourceTree = "<group>";
		};
		84D73D95282D56300070950B /* Products */ = {
			isa = PBXGroup;
			children = (
				84D73D94282D56300070950B /* imgeye.app */,
			);
			name = Products;
			sourceTree = "<group>";
		};
		84D73D96282D56300070950B /* imgeye */ = {
			isa = PBXGroup;
			children = (
				84E89D722830FF6800483368 /* Generated */,
				84E89D522830F41900483368 /* swiftgen.yml */,
				84D73D97282D56300070950B /* AppDelegate.swift */,
				84D73D99282D56300070950B /* SceneDelegate.swift */,
				84D73DBD282D70040070950B /* Controller */,
				84D73DBE282D700C0070950B /* View */,
				84D73DA0282D56310070950B /* Assets.xcassets */,
				84D73DA5282D56310070950B /* Info.plist */,
				84D73DAB282D62C00070950B /* Constants.swift */,
				84D73DAF282D648D0070950B /* Model */,
				84E89D602830FBCF00483368 /* Custom UI Controls */,
			);
			path = imgeye;
			sourceTree = "<group>";
		};
		84D73DAF282D648D0070950B /* Model */ = {
			isa = PBXGroup;
			children = (
				84D73DB1282D649B0070950B /* Photo */,
				84D73DBC282D6B5A0070950B /* Error */,
				84E89D792831048000483368 /* PersistentDataModel.xcdatamodeld */,
				84E89D7C28312F6C00483368 /* DataManager.swift */,
			);
			path = Model;
			sourceTree = "<group>";
		};
		84D73DB1282D649B0070950B /* Photo */ = {
			isa = PBXGroup;
			children = (
				84D73DAD282D64890070950B /* PhotoManager.swift */,
				84D73DB2282D64A40070950B /* PhotoData.swift */,
				84D73DB4282D64AC0070950B /* PhotoModel.swift */,
			);
			path = Photo;
			sourceTree = "<group>";
		};
		84D73DBC282D6B5A0070950B /* Error */ = {
			isa = PBXGroup;
			children = (
				84D73DB6282D6B3C0070950B /* ErrorData.swift */,
				84D73DBA282D6B560070950B /* ErrorManager.swift */,
			);
			path = Error;
			sourceTree = "<group>";
		};
		84D73DBD282D70040070950B /* Controller */ = {
			isa = PBXGroup;
			children = (
				84D73D9B282D56300070950B /* FeedViewController.swift */,
				84E89D502830F1BB00483368 /* FavoriteViewController.swift */,
			);
			path = Controller;
			sourceTree = "<group>";
		};
		84D73DBE282D700C0070950B /* View */ = {
			isa = PBXGroup;
			children = (
				84D73D9D282D56300070950B /* Main.storyboard */,
				84D73DA2282D56310070950B /* LaunchScreen.storyboard */,
				84D73DC3282D73EC0070950B /* PhotoTableViewCell */,
				84E89D84283156AE00483368 /* FavoritesTableViewCell */,
			);
			path = View;
			sourceTree = "<group>";
		};
		84D73DC3282D73EC0070950B /* PhotoTableViewCell */ = {
			isa = PBXGroup;
			children = (
				84D73DBF282D73D70070950B /* PhotoTableViewCell.swift */,
				84D73DC0282D73D70070950B /* PhotoTableViewCell.xib */,
				84E89D7E28314D6500483368 /* PhotoTableViewCellDelegate.swift */,
			);
			path = PhotoTableViewCell;
			sourceTree = "<group>";
		};
		84E89D602830FBCF00483368 /* Custom UI Controls */ = {
			isa = PBXGroup;
			children = (
				84E89D612830FBE100483368 /* UIButton */,
			);
			path = "Custom UI Controls";
			sourceTree = "<group>";
		};
		84E89D612830FBE100483368 /* UIButton */ = {
			isa = PBXGroup;
			children = (
				84E89D5E2830FBC400483368 /* BounceButton.swift */,
			);
			path = UIButton;
			sourceTree = "<group>";
		};
		84E89D722830FF6800483368 /* Generated */ = {
			isa = PBXGroup;
			children = (
				84E89D742830FF7B00483368 /* IB-Scenes+Generated.swift */,
				84E89D752830FF7C00483368 /* IB-Segues+Generated.swift */,
				84E89D732830FF7B00483368 /* XCAssets+Generated.swift */,
			);
			path = Generated;
			sourceTree = "<group>";
		};
		84E89D84283156AE00483368 /* FavoritesTableViewCell */ = {
			isa = PBXGroup;
			children = (
				84E89D80283156AA00483368 /* FavoritesTableViewCell.swift */,
				84E89D81283156AA00483368 /* FavoritesTableViewCell.xib */,
			);
			path = FavoritesTableViewCell;
			sourceTree = "<group>";
		};
		FB65C9963D7580369CF812CE /* Frameworks */ = {
			isa = PBXGroup;
			children = (
				6C725982C24E7F340C92494F /* Pods_imgeye.framework */,
			);
			name = Frameworks;
			sourceTree = "<group>";
		};
/* End PBXGroup section */

/* Begin PBXNativeTarget section */
		84D73D93282D56300070950B /* imgeye */ = {
			isa = PBXNativeTarget;
			buildConfigurationList = 84D73DA8282D56310070950B /* Build configuration list for PBXNativeTarget "imgeye" */;
			buildPhases = (
				69A7B05E5AEF22F0D72C89FD /* [CP] Check Pods Manifest.lock */,
				84E89D542830F4AC00483368 /* Run SwiftGen Script */,
				84D73D90282D56300070950B /* Sources */,
				84D73D91282D56300070950B /* Frameworks */,
				84D73D92282D56300070950B /* Resources */,
				ED52F091095D407A8A46F31C /* [CP] Embed Pods Frameworks */,
			);
			buildRules = (
			);
			dependencies = (
			);
			name = imgeye;
			productName = imgeye;
			productReference = 84D73D94282D56300070950B /* imgeye.app */;
			productType = "com.apple.product-type.application";
		};
/* End PBXNativeTarget section */

/* Begin PBXProject section */
		84D73D8C282D56300070950B /* Project object */ = {
			isa = PBXProject;
			attributes = {
				BuildIndependentTargetsInParallel = 1;
				LastSwiftUpdateCheck = 1330;
				LastUpgradeCheck = 1330;
				TargetAttributes = {
					84D73D93282D56300070950B = {
						CreatedOnToolsVersion = 13.3;
					};
				};
			};
			buildConfigurationList = 84D73D8F282D56300070950B /* Build configuration list for PBXProject "imgeye" */;
			compatibilityVersion = "Xcode 13.0";
			developmentRegion = en;
			hasScannedForEncodings = 0;
			knownRegions = (
				en,
				Base,
			);
			mainGroup = 84D73D8B282D56300070950B;
			productRefGroup = 84D73D95282D56300070950B /* Products */;
			projectDirPath = "";
			projectRoot = "";
			targets = (
				84D73D93282D56300070950B /* imgeye */,
			);
		};
/* End PBXProject section */

/* Begin PBXResourcesBuildPhase section */
		84D73D92282D56300070950B /* Resources */ = {
			isa = PBXResourcesBuildPhase;
			buildActionMask = 2147483647;
			files = (
				84D73DC2282D73D70070950B /* PhotoTableViewCell.xib in Resources */,
				84E89D83283156AA00483368 /* FavoritesTableViewCell.xib in Resources */,
				84E89D532830F41900483368 /* swiftgen.yml in Resources */,
				84D73DA4282D56310070950B /* LaunchScreen.storyboard in Resources */,
				84D73DA1282D56310070950B /* Assets.xcassets in Resources */,
				84D73D9F282D56300070950B /* Main.storyboard in Resources */,
			);
			runOnlyForDeploymentPostprocessing = 0;
		};
/* End PBXResourcesBuildPhase section */

/* Begin PBXShellScriptBuildPhase section */
		69A7B05E5AEF22F0D72C89FD /* [CP] Check Pods Manifest.lock */ = {
			isa = PBXShellScriptBuildPhase;
			buildActionMask = 2147483647;
			files = (
			);
			inputFileListPaths = (
			);
			inputPaths = (
				"${PODS_PODFILE_DIR_PATH}/Podfile.lock",
				"${PODS_ROOT}/Manifest.lock",
			);
			name = "[CP] Check Pods Manifest.lock";
			outputFileListPaths = (
			);
			outputPaths = (
				"$(DERIVED_FILE_DIR)/Pods-imgeye-checkManifestLockResult.txt",
			);
			runOnlyForDeploymentPostprocessing = 0;
			shellPath = /bin/sh;
			shellScript = "diff \"${PODS_PODFILE_DIR_PATH}/Podfile.lock\" \"${PODS_ROOT}/Manifest.lock\" > /dev/null\nif [ $? != 0 ] ; then\n    # print error to STDERR\n    echo \"error: The sandbox is not in sync with the Podfile.lock. Run 'pod install' or update your CocoaPods installation.\" >&2\n    exit 1\nfi\n# This output is used by Xcode 'outputs' to avoid re-running this script phase.\necho \"SUCCESS\" > \"${SCRIPT_OUTPUT_FILE_0}\"\n";
			showEnvVarsInLog = 0;
		};
		84E89D542830F4AC00483368 /* Run SwiftGen Script */ = {
			isa = PBXShellScriptBuildPhase;
			buildActionMask = 2147483647;
			files = (
			);
			inputFileListPaths = (
			);
			inputPaths = (
			);
			name = "Run SwiftGen Script";
			outputFileListPaths = (
			);
			outputPaths = (
			);
			runOnlyForDeploymentPostprocessing = 0;
			shellPath = /bin/sh;
			shellScript = "# Type a script or drag a script file from your workspace to insert its path.\n\nif [[ -f \"${PODS_ROOT}/SwiftGen/bin/swiftgen\" ]]; then\n  \"${PODS_ROOT}/SwiftGen/bin/swiftgen\"\nelse\n  echo \"warning: SwiftGen is not installed. Run 'pod install --repo-update' to install it.\"\nfi \n";
		};
		ED52F091095D407A8A46F31C /* [CP] Embed Pods Frameworks */ = {
			isa = PBXShellScriptBuildPhase;
			buildActionMask = 2147483647;
			files = (
			);
			inputFileListPaths = (
				"${PODS_ROOT}/Target Support Files/Pods-imgeye/Pods-imgeye-frameworks-${CONFIGURATION}-input-files.xcfilelist",
			);
			name = "[CP] Embed Pods Frameworks";
			outputFileListPaths = (
				"${PODS_ROOT}/Target Support Files/Pods-imgeye/Pods-imgeye-frameworks-${CONFIGURATION}-output-files.xcfilelist",
			);
			runOnlyForDeploymentPostprocessing = 0;
			shellPath = /bin/sh;
			shellScript = "\"${PODS_ROOT}/Target Support Files/Pods-imgeye/Pods-imgeye-frameworks.sh\"\n";
			showEnvVarsInLog = 0;
		};
/* End PBXShellScriptBuildPhase section */

/* Begin PBXSourcesBuildPhase section */
		84D73D90282D56300070950B /* Sources */ = {
			isa = PBXSourcesBuildPhase;
			buildActionMask = 2147483647;
			files = (
				84E89D7F28314D6500483368 /* PhotoTableViewCellDelegate.swift in Sources */,
				84E89D762830FF7C00483368 /* XCAssets+Generated.swift in Sources */,
				84D73DC1282D73D70070950B /* PhotoTableViewCell.swift in Sources */,
				84D73DBB282D6B560070950B /* ErrorManager.swift in Sources */,
				84D73D9C282D56300070950B /* FeedViewController.swift in Sources */,
				84D73D98282D56300070950B /* AppDelegate.swift in Sources */,
				84D73DB3282D64A40070950B /* PhotoData.swift in Sources */,
				84E89D5F2830FBC400483368 /* BounceButton.swift in Sources */,
				84D73D9A282D56300070950B /* SceneDelegate.swift in Sources */,
				84E89D7B2831048000483368 /* PersistentDataModel.xcdatamodeld in Sources */,
				84E89D7D28312F6C00483368 /* DataManager.swift in Sources */,
				84D73DB5282D64AC0070950B /* PhotoModel.swift in Sources */,
				84D73DAE282D64890070950B /* PhotoManager.swift in Sources */,
				84E89D782830FF7C00483368 /* IB-Segues+Generated.swift in Sources */,
				84E89D512830F1BB00483368 /* FavoriteViewController.swift in Sources */,
				84D73DB7282D6B3C0070950B /* ErrorData.swift in Sources */,
				84D73DAC282D62C00070950B /* Constants.swift in Sources */,
				84E89D772830FF7C00483368 /* IB-Scenes+Generated.swift in Sources */,
				84E89D82283156AA00483368 /* FavoritesTableViewCell.swift in Sources */,
			);
			runOnlyForDeploymentPostprocessing = 0;
		};
/* End PBXSourcesBuildPhase section */

/* Begin PBXVariantGroup section */
		84D73D9D282D56300070950B /* Main.storyboard */ = {
			isa = PBXVariantGroup;
			children = (
				84D73D9E282D56300070950B /* Base */,
			);
			name = Main.storyboard;
			sourceTree = "<group>";
		};
		84D73DA2282D56310070950B /* LaunchScreen.storyboard */ = {
			isa = PBXVariantGroup;
			children = (
				84D73DA3282D56310070950B /* Base */,
			);
			name = LaunchScreen.storyboard;
			sourceTree = "<group>";
		};
/* End PBXVariantGroup section */

/* Begin XCBuildConfiguration section */
		84D73DA6282D56310070950B /* Debug */ = {
			isa = XCBuildConfiguration;
			buildSettings = {
				ALWAYS_SEARCH_USER_PATHS = NO;
				CLANG_ANALYZER_NONNULL = YES;
				CLANG_ANALYZER_NUMBER_OBJECT_CONVERSION = YES_AGGRESSIVE;
				CLANG_CXX_LANGUAGE_STANDARD = "gnu++17";
				CLANG_ENABLE_MODULES = YES;
				CLANG_ENABLE_OBJC_ARC = YES;
				CLANG_ENABLE_OBJC_WEAK = YES;
				CLANG_WARN_BLOCK_CAPTURE_AUTORELEASING = YES;
				CLANG_WARN_BOOL_CONVERSION = YES;
				CLANG_WARN_COMMA = YES;
				CLANG_WARN_CONSTANT_CONVERSION = YES;
				CLANG_WARN_DEPRECATED_OBJC_IMPLEMENTATIONS = YES;
				CLANG_WARN_DIRECT_OBJC_ISA_USAGE = YES_ERROR;
				CLANG_WARN_DOCUMENTATION_COMMENTS = YES;
				CLANG_WARN_EMPTY_BODY = YES;
				CLANG_WARN_ENUM_CONVERSION = YES;
				CLANG_WARN_INFINITE_RECURSION = YES;
				CLANG_WARN_INT_CONVERSION = YES;
				CLANG_WARN_NON_LITERAL_NULL_CONVERSION = YES;
				CLANG_WARN_OBJC_IMPLICIT_RETAIN_SELF = YES;
				CLANG_WARN_OBJC_LITERAL_CONVERSION = YES;
				CLANG_WARN_OBJC_ROOT_CLASS = YES_ERROR;
				CLANG_WARN_QUOTED_INCLUDE_IN_FRAMEWORK_HEADER = YES;
				CLANG_WARN_RANGE_LOOP_ANALYSIS = YES;
				CLANG_WARN_STRICT_PROTOTYPES = YES;
				CLANG_WARN_SUSPICIOUS_MOVE = YES;
				CLANG_WARN_UNGUARDED_AVAILABILITY = YES_AGGRESSIVE;
				CLANG_WARN_UNREACHABLE_CODE = YES;
				CLANG_WARN__DUPLICATE_METHOD_MATCH = YES;
				COPY_PHASE_STRIP = NO;
				DEBUG_INFORMATION_FORMAT = dwarf;
				ENABLE_STRICT_OBJC_MSGSEND = YES;
				ENABLE_TESTABILITY = YES;
				GCC_C_LANGUAGE_STANDARD = gnu11;
				GCC_DYNAMIC_NO_PIC = NO;
				GCC_NO_COMMON_BLOCKS = YES;
				GCC_OPTIMIZATION_LEVEL = 0;
				GCC_PREPROCESSOR_DEFINITIONS = (
					"DEBUG=1",
					"$(inherited)",
				);
				GCC_WARN_64_TO_32_BIT_CONVERSION = YES;
				GCC_WARN_ABOUT_RETURN_TYPE = YES_ERROR;
				GCC_WARN_UNDECLARED_SELECTOR = YES;
				GCC_WARN_UNINITIALIZED_AUTOS = YES_AGGRESSIVE;
				GCC_WARN_UNUSED_FUNCTION = YES;
				GCC_WARN_UNUSED_VARIABLE = YES;
				IPHONEOS_DEPLOYMENT_TARGET = 15.4;
				MTL_ENABLE_DEBUG_INFO = INCLUDE_SOURCE;
				MTL_FAST_MATH = YES;
				ONLY_ACTIVE_ARCH = YES;
				SDKROOT = iphoneos;
				SWIFT_ACTIVE_COMPILATION_CONDITIONS = DEBUG;
				SWIFT_OPTIMIZATION_LEVEL = "-Onone";
			};
			name = Debug;
		};
		84D73DA7282D56310070950B /* Release */ = {
			isa = XCBuildConfiguration;
			buildSettings = {
				ALWAYS_SEARCH_USER_PATHS = NO;
				CLANG_ANALYZER_NONNULL = YES;
				CLANG_ANALYZER_NUMBER_OBJECT_CONVERSION = YES_AGGRESSIVE;
				CLANG_CXX_LANGUAGE_STANDARD = "gnu++17";
				CLANG_ENABLE_MODULES = YES;
				CLANG_ENABLE_OBJC_ARC = YES;
				CLANG_ENABLE_OBJC_WEAK = YES;
				CLANG_WARN_BLOCK_CAPTURE_AUTORELEASING = YES;
				CLANG_WARN_BOOL_CONVERSION = YES;
				CLANG_WARN_COMMA = YES;
				CLANG_WARN_CONSTANT_CONVERSION = YES;
				CLANG_WARN_DEPRECATED_OBJC_IMPLEMENTATIONS = YES;
				CLANG_WARN_DIRECT_OBJC_ISA_USAGE = YES_ERROR;
				CLANG_WARN_DOCUMENTATION_COMMENTS = YES;
				CLANG_WARN_EMPTY_BODY = YES;
				CLANG_WARN_ENUM_CONVERSION = YES;
				CLANG_WARN_INFINITE_RECURSION = YES;
				CLANG_WARN_INT_CONVERSION = YES;
				CLANG_WARN_NON_LITERAL_NULL_CONVERSION = YES;
				CLANG_WARN_OBJC_IMPLICIT_RETAIN_SELF = YES;
				CLANG_WARN_OBJC_LITERAL_CONVERSION = YES;
				CLANG_WARN_OBJC_ROOT_CLASS = YES_ERROR;
				CLANG_WARN_QUOTED_INCLUDE_IN_FRAMEWORK_HEADER = YES;
				CLANG_WARN_RANGE_LOOP_ANALYSIS = YES;
				CLANG_WARN_STRICT_PROTOTYPES = YES;
				CLANG_WARN_SUSPICIOUS_MOVE = YES;
				CLANG_WARN_UNGUARDED_AVAILABILITY = YES_AGGRESSIVE;
				CLANG_WARN_UNREACHABLE_CODE = YES;
				CLANG_WARN__DUPLICATE_METHOD_MATCH = YES;
				COPY_PHASE_STRIP = NO;
				DEBUG_INFORMATION_FORMAT = "dwarf-with-dsym";
				ENABLE_NS_ASSERTIONS = NO;
				ENABLE_STRICT_OBJC_MSGSEND = YES;
				GCC_C_LANGUAGE_STANDARD = gnu11;
				GCC_NO_COMMON_BLOCKS = YES;
				GCC_WARN_64_TO_32_BIT_CONVERSION = YES;
				GCC_WARN_ABOUT_RETURN_TYPE = YES_ERROR;
				GCC_WARN_UNDECLARED_SELECTOR = YES;
				GCC_WARN_UNINITIALIZED_AUTOS = YES_AGGRESSIVE;
				GCC_WARN_UNUSED_FUNCTION = YES;
				GCC_WARN_UNUSED_VARIABLE = YES;
				IPHONEOS_DEPLOYMENT_TARGET = 15.4;
				MTL_ENABLE_DEBUG_INFO = NO;
				MTL_FAST_MATH = YES;
				SDKROOT = iphoneos;
				SWIFT_COMPILATION_MODE = wholemodule;
				SWIFT_OPTIMIZATION_LEVEL = "-O";
				VALIDATE_PRODUCT = YES;
			};
			name = Release;
		};
		84D73DA9282D56310070950B /* Debug */ = {
			isa = XCBuildConfiguration;
			baseConfigurationReference = C64CD8A2C8E7AB7222904669 /* Pods-imgeye.debug.xcconfig */;
			buildSettings = {
				ASSETCATALOG_COMPILER_APPICON_NAME = AppIcon;
				ASSETCATALOG_COMPILER_GLOBAL_ACCENT_COLOR_NAME = AccentColor;
				CODE_SIGN_STYLE = Automatic;
				CURRENT_PROJECT_VERSION = 1;
				DEVELOPMENT_TEAM = 8TC4T4YW8P;
				GENERATE_INFOPLIST_FILE = YES;
				INFOPLIST_FILE = imgeye/Info.plist;
				INFOPLIST_KEY_UIApplicationSupportsIndirectInputEvents = YES;
				INFOPLIST_KEY_UILaunchStoryboardName = LaunchScreen;
				INFOPLIST_KEY_UIMainStoryboardFile = Main;
				INFOPLIST_KEY_UISupportedInterfaceOrientations_iPad = "UIInterfaceOrientationPortrait UIInterfaceOrientationPortraitUpsideDown UIInterfaceOrientationLandscapeLeft UIInterfaceOrientationLandscapeRight";
				INFOPLIST_KEY_UISupportedInterfaceOrientations_iPhone = "UIInterfaceOrientationPortrait UIInterfaceOrientationLandscapeLeft UIInterfaceOrientationLandscapeRight";
				IPHONEOS_DEPLOYMENT_TARGET = 13.0;
				LD_RUNPATH_SEARCH_PATHS = (
					"$(inherited)",
					"@executable_path/Frameworks",
				);
				MARKETING_VERSION = 1.0;
				PRODUCT_BUNDLE_IDENTIFIER = com.learn.local.imgeye;
				PRODUCT_NAME = "$(TARGET_NAME)";
				SWIFT_EMIT_LOC_STRINGS = YES;
				SWIFT_VERSION = 5.0;
				TARGETED_DEVICE_FAMILY = "1,2";
			};
			name = Debug;
		};
		84D73DAA282D56310070950B /* Release */ = {
			isa = XCBuildConfiguration;
			baseConfigurationReference = 6D75FF380AB33F507BA22987 /* Pods-imgeye.release.xcconfig */;
			buildSettings = {
				ASSETCATALOG_COMPILER_APPICON_NAME = AppIcon;
				ASSETCATALOG_COMPILER_GLOBAL_ACCENT_COLOR_NAME = AccentColor;
				CODE_SIGN_STYLE = Automatic;
				CURRENT_PROJECT_VERSION = 1;
				DEVELOPMENT_TEAM = 8TC4T4YW8P;
				GENERATE_INFOPLIST_FILE = YES;
				INFOPLIST_FILE = imgeye/Info.plist;
				INFOPLIST_KEY_UIApplicationSupportsIndirectInputEvents = YES;
				INFOPLIST_KEY_UILaunchStoryboardName = LaunchScreen;
				INFOPLIST_KEY_UIMainStoryboardFile = Main;
				INFOPLIST_KEY_UISupportedInterfaceOrientations_iPad = "UIInterfaceOrientationPortrait UIInterfaceOrientationPortraitUpsideDown UIInterfaceOrientationLandscapeLeft UIInterfaceOrientationLandscapeRight";
				INFOPLIST_KEY_UISupportedInterfaceOrientations_iPhone = "UIInterfaceOrientationPortrait UIInterfaceOrientationLandscapeLeft UIInterfaceOrientationLandscapeRight";
				IPHONEOS_DEPLOYMENT_TARGET = 13.0;
				LD_RUNPATH_SEARCH_PATHS = (
					"$(inherited)",
					"@executable_path/Frameworks",
				);
				MARKETING_VERSION = 1.0;
				PRODUCT_BUNDLE_IDENTIFIER = com.learn.local.imgeye;
				PRODUCT_NAME = "$(TARGET_NAME)";
				SWIFT_EMIT_LOC_STRINGS = YES;
				SWIFT_VERSION = 5.0;
				TARGETED_DEVICE_FAMILY = "1,2";
			};
			name = Release;
		};
/* End XCBuildConfiguration section */

/* Begin XCConfigurationList section */
		84D73D8F282D56300070950B /* Build configuration list for PBXProject "imgeye" */ = {
			isa = XCConfigurationList;
			buildConfigurations = (
				84D73DA6282D56310070950B /* Debug */,
				84D73DA7282D56310070950B /* Release */,
			);
			defaultConfigurationIsVisible = 0;
			defaultConfigurationName = Release;
		};
		84D73DA8282D56310070950B /* Build configuration list for PBXNativeTarget "imgeye" */ = {
			isa = XCConfigurationList;
			buildConfigurations = (
				84D73DA9282D56310070950B /* Debug */,
				84D73DAA282D56310070950B /* Release */,
			);
			defaultConfigurationIsVisible = 0;
			defaultConfigurationName = Release;
		};
/* End XCConfigurationList section */

/* Begin XCVersionGroup section */
		84E89D792831048000483368 /* PersistentDataModel.xcdatamodeld */ = {
			isa = XCVersionGroup;
			children = (
				84E89D7A2831048000483368 /* PersistentDataModel.xcdatamodel */,
			);
			currentVersion = 84E89D7A2831048000483368 /* PersistentDataModel.xcdatamodel */;
			path = PersistentDataModel.xcdatamodeld;
			sourceTree = "<group>";
			versionGroupType = wrapper.xcdatamodel;
		};
/* End XCVersionGroup section */
	};
	rootObject = 84D73D8C282D56300070950B /* Project object */;
}
